// !$*UTF8*$!
{
	archiveVersion = 1;
	classes = {
	};
	objectVersion = 77;
	objects = {

/* Begin PBXBuildFile section */
		D9E0B1592E59EAC000FE07A5 /* Composition in Frameworks */ = {isa = PBXBuildFile; productRef = D9E0B1582E59EAC000FE07A5 /* Composition */; };
		D9E0B15B2E59EAC000FE07A5 /* Domain in Frameworks */ = {isa = PBXBuildFile; productRef = D9E0B15A2E59EAC000FE07A5 /* Domain */; };
		D9E5CE9D2E5AEC0F001503EB /* Composition in Frameworks */ = {isa = PBXBuildFile; productRef = D9E5CE9C2E5AEC0F001503EB /* Composition */; };
		D9E5CE9F2E5AEC0F001503EB /* Domain in Frameworks */ = {isa = PBXBuildFile; productRef = D9E5CE9E2E5AEC0F001503EB /* Domain */; };
/* End PBXBuildFile section */

/* Begin PBXContainerItemProxy section */
		D96260682E5973C10032299B /* PBXContainerItemProxy */ = {
			isa = PBXContainerItemProxy;
			containerPortal = D96260522E5973BD0032299B /* Project object */;
			proxyType = 1;
			remoteGlobalIDString = D96260592E5973BD0032299B;
			remoteInfo = APIClientSample;
		};
		D96260722E5973C10032299B /* PBXContainerItemProxy */ = {
			isa = PBXContainerItemProxy;
			containerPortal = D96260522E5973BD0032299B /* Project object */;
			proxyType = 1;
			remoteGlobalIDString = D96260592E5973BD0032299B;
			remoteInfo = APIClientSample;
		};
/* End PBXContainerItemProxy section */

/* Begin PBXFileReference section */
		D962605A2E5973BD0032299B /* APIClientSample.app */ = {isa = PBXFileReference; explicitFileType = wrapper.application; includeInIndex = 0; path = APIClientSample.app; sourceTree = BUILT_PRODUCTS_DIR; };
		D96260672E5973C10032299B /* APIClientSampleTests.xctest */ = {isa = PBXFileReference; explicitFileType = wrapper.cfbundle; includeInIndex = 0; path = APIClientSampleTests.xctest; sourceTree = BUILT_PRODUCTS_DIR; };
		D96260712E5973C10032299B /* APIClientSampleUITests.xctest */ = {isa = PBXFileReference; explicitFileType = wrapper.cfbundle; includeInIndex = 0; path = APIClientSampleUITests.xctest; sourceTree = BUILT_PRODUCTS_DIR; };
/* End PBXFileReference section */

/* Begin PBXFileSystemSynchronizedRootGroup section */
		D962605C2E5973BD0032299B /* APIClientSample */ = {
			isa = PBXFileSystemSynchronizedRootGroup;
			path = APIClientSample;
			sourceTree = "<group>";
		};
		D962606A2E5973C10032299B /* APIClientSampleTests */ = {
			isa = PBXFileSystemSynchronizedRootGroup;
			path = APIClientSampleTests;
			sourceTree = "<group>";
		};
		D96260742E5973C10032299B /* APIClientSampleUITests */ = {
			isa = PBXFileSystemSynchronizedRootGroup;
			path = APIClientSampleUITests;
			sourceTree = "<group>";
		};
/* End PBXFileSystemSynchronizedRootGroup section */

/* Begin PBXFrameworksBuildPhase section */
		D96260572E5973BD0032299B /* Frameworks */ = {
			isa = PBXFrameworksBuildPhase;
			buildActionMask = 2147483647;
			files = (
				D9E5CE9D2E5AEC0F001503EB /* Composition in Frameworks */,
				D9E0B15B2E59EAC000FE07A5 /* Domain in Frameworks */,
				D9E5CE9F2E5AEC0F001503EB /* Domain in Frameworks */,
				D9E0B1592E59EAC000FE07A5 /* Composition in Frameworks */,
			);
			runOnlyForDeploymentPostprocessing = 0;
		};
		D96260642E5973C10032299B /* Frameworks */ = {
			isa = PBXFrameworksBuildPhase;
			buildActionMask = 2147483647;
			files = (
			);
			runOnlyForDeploymentPostprocessing = 0;
		};
		D962606E2E5973C10032299B /* Frameworks */ = {
			isa = PBXFrameworksBuildPhase;
			buildActionMask = 2147483647;
			files = (
			);
			runOnlyForDeploymentPostprocessing = 0;
		};
/* End PBXFrameworksBuildPhase section */

/* Begin PBXGroup section */
		D96260512E5973BD0032299B = {
			isa = PBXGroup;
			children = (
				D962605C2E5973BD0032299B /* APIClientSample */,
				D962606A2E5973C10032299B /* APIClientSampleTests */,
				D96260742E5973C10032299B /* APIClientSampleUITests */,
				D962605B2E5973BD0032299B /* Products */,
			);
			sourceTree = "<group>";
		};
		D962605B2E5973BD0032299B /* Products */ = {
			isa = PBXGroup;
			children = (
				D962605A2E5973BD0032299B /* APIClientSample.app */,
				D96260672E5973C10032299B /* APIClientSampleTests.xctest */,
				D96260712E5973C10032299B /* APIClientSampleUITests.xctest */,
			);
			name = Products;
			sourceTree = "<group>";
		};
/* End PBXGroup section */

/* Begin PBXNativeTarget section */
		D96260592E5973BD0032299B /* APIClientSample */ = {
			isa = PBXNativeTarget;
			buildConfigurationList = D962607B2E5973C10032299B /* Build configuration list for PBXNativeTarget "APIClientSample" */;
			buildPhases = (
				D96260562E5973BD0032299B /* Sources */,
				D96260572E5973BD0032299B /* Frameworks */,
				D96260582E5973BD0032299B /* Resources */,
			);
			buildRules = (
			);
			dependencies = (
				D9E5CEA22E5AECBA001503EB /* PBXTargetDependency */,
			);
			fileSystemSynchronizedGroups = (
				D962605C2E5973BD0032299B /* APIClientSample */,
			);
			name = APIClientSample;
			packageProductDependencies = (
				D9E0B1582E59EAC000FE07A5 /* Composition */,
				D9E0B15A2E59EAC000FE07A5 /* Domain */,
				D9E5CE9C2E5AEC0F001503EB /* Composition */,
				D9E5CE9E2E5AEC0F001503EB /* Domain */,
			);
			productName = APIClientSample;
			productReference = D962605A2E5973BD0032299B /* APIClientSample.app */;
			productType = "com.apple.product-type.application";
		};
		D96260662E5973C10032299B /* APIClientSampleTests */ = {
			isa = PBXNativeTarget;
			buildConfigurationList = D962607E2E5973C10032299B /* Build configuration list for PBXNativeTarget "APIClientSampleTests" */;
			buildPhases = (
				D96260632E5973C10032299B /* Sources */,
				D96260642E5973C10032299B /* Frameworks */,
				D96260652E5973C10032299B /* Resources */,
			);
			buildRules = (
			);
			dependencies = (
				D96260692E5973C10032299B /* PBXTargetDependency */,
			);
			fileSystemSynchronizedGroups = (
				D962606A2E5973C10032299B /* APIClientSampleTests */,
			);
			name = APIClientSampleTests;
			packageProductDependencies = (
			);
			productName = APIClientSampleTests;
			productReference = D96260672E5973C10032299B /* APIClientSampleTests.xctest */;
			productType = "com.apple.product-type.bundle.unit-test";
		};
		D96260702E5973C10032299B /* APIClientSampleUITests */ = {
			isa = PBXNativeTarget;
			buildConfigurationList = D96260812E5973C10032299B /* Build configuration list for PBXNativeTarget "APIClientSampleUITests" */;
			buildPhases = (
				D962606D2E5973C10032299B /* Sources */,
				D962606E2E5973C10032299B /* Frameworks */,
				D962606F2E5973C10032299B /* Resources */,
			);
			buildRules = (
			);
			dependencies = (
				D96260732E5973C10032299B /* PBXTargetDependency */,
			);
			fileSystemSynchronizedGroups = (
				D96260742E5973C10032299B /* APIClientSampleUITests */,
			);
			name = APIClientSampleUITests;
			packageProductDependencies = (
			);
			productName = APIClientSampleUITests;
			productReference = D96260712E5973C10032299B /* APIClientSampleUITests.xctest */;
			productType = "com.apple.product-type.bundle.ui-testing";
		};
/* End PBXNativeTarget section */

/* Begin PBXProject section */
		D96260522E5973BD0032299B /* Project object */ = {
			isa = PBXProject;
			attributes = {
				BuildIndependentTargetsInParallel = 1;
				LastSwiftUpdateCheck = 1640;
				LastUpgradeCheck = 1640;
				TargetAttributes = {
					D96260592E5973BD0032299B = {
						CreatedOnToolsVersion = 16.4;
					};
					D96260662E5973C10032299B = {
						CreatedOnToolsVersion = 16.4;
						TestTargetID = D96260592E5973BD0032299B;
					};
					D96260702E5973C10032299B = {
						CreatedOnToolsVersion = 16.4;
						TestTargetID = D96260592E5973BD0032299B;
					};
				};
			};
			buildConfigurationList = D96260552E5973BD0032299B /* Build configuration list for PBXProject "APIClientSample" */;
			developmentRegion = en;
			hasScannedForEncodings = 0;
			knownRegions = (
				en,
				Base,
			);
			mainGroup = D96260512E5973BD0032299B;
			minimizedProjectReferenceProxies = 1;
			packageReferences = (
				D9E5CE9B2E5AEC0F001503EB /* XCLocalSwiftPackageReference "APIModule" */,
				D9E5CEA02E5AECAB001503EB /* XCRemoteSwiftPackageReference "SwiftLintPlugins" */,
			);
			preferredProjectObjectVersion = 77;
			productRefGroup = D962605B2E5973BD0032299B /* Products */;
			projectDirPath = "";
			projectRoot = "";
			targets = (
				D96260592E5973BD0032299B /* APIClientSample */,
				D96260662E5973C10032299B /* APIClientSampleTests */,
				D96260702E5973C10032299B /* APIClientSampleUITests */,
			);
		};
/* End PBXProject section */

/* Begin PBXResourcesBuildPhase section */
		D96260582E5973BD0032299B /* Resources */ = {
			isa = PBXResourcesBuildPhase;
			buildActionMask = 2147483647;
			files = (
			);
			runOnlyForDeploymentPostprocessing = 0;
		};
		D96260652E5973C10032299B /* Resources */ = {
			isa = PBXResourcesBuildPhase;
			buildActionMask = 2147483647;
			files = (
			);
			runOnlyForDeploymentPostprocessing = 0;
		};
		D962606F2E5973C10032299B /* Resources */ = {
			isa = PBXResourcesBuildPhase;
			buildActionMask = 2147483647;
			files = (
			);
			runOnlyForDeploymentPostprocessing = 0;
		};
/* End PBXResourcesBuildPhase section */

/* Begin PBXSourcesBuildPhase section */
		D96260562E5973BD0032299B /* Sources */ = {
			isa = PBXSourcesBuildPhase;
			buildActionMask = 2147483647;
			files = (
			);
			runOnlyForDeploymentPostprocessing = 0;
		};
		D96260632E5973C10032299B /* Sources */ = {
			isa = PBXSourcesBuildPhase;
			buildActionMask = 2147483647;
			files = (
			);
			runOnlyForDeploymentPostprocessing = 0;
		};
		D962606D2E5973C10032299B /* Sources */ = {
			isa = PBXSourcesBuildPhase;
			buildActionMask = 2147483647;
			files = (
			);
			runOnlyForDeploymentPostprocessing = 0;
		};
/* End PBXSourcesBuildPhase section */

/* Begin PBXTargetDependency section */
		D96260692E5973C10032299B /* PBXTargetDependency */ = {
			isa = PBXTargetDependency;
			target = D96260592E5973BD0032299B /* APIClientSample */;
			targetProxy = D96260682E5973C10032299B /* PBXContainerItemProxy */;
		};
		D96260732E5973C10032299B /* PBXTargetDependency */ = {
			isa = PBXTargetDependency;
			target = D96260592E5973BD0032299B /* APIClientSample */;
			targetProxy = D96260722E5973C10032299B /* PBXContainerItemProxy */;
		};
		D9E5CEA22E5AECBA001503EB /* PBXTargetDependency */ = {
			isa = PBXTargetDependency;
			productRef = D9E5CEA12E5AECBA001503EB /* SwiftLintBuildToolPlugin */;
		};
/* End PBXTargetDependency section */

/* Begin XCBuildConfiguration section */
		D96260792E5973C10032299B /* Debug */ = {
			isa = XCBuildConfiguration;
			buildSettings = {
				ALWAYS_SEARCH_USER_PATHS = NO;
				ASSETCATALOG_COMPILER_GENERATE_SWIFT_ASSET_SYMBOL_EXTENSIONS = YES;
				CLANG_ANALYZER_NONNULL = YES;
				CLANG_ANALYZER_NUMBER_OBJECT_CONVERSION = YES_AGGRESSIVE;
				CLANG_CXX_LANGUAGE_STANDARD = "gnu++20";
				CLANG_ENABLE_MODULES = YES;
				CLANG_ENABLE_OBJC_ARC = YES;
				CLANG_ENABLE_OBJC_WEAK = YES;
				CLANG_WARN_BLOCK_CAPTURE_AUTORELEASING = YES;
				CLANG_WARN_BOOL_CONVERSION = YES;
				CLANG_WARN_COMMA = YES;
				CLANG_WARN_CONSTANT_CONVERSION = YES;
				CLANG_WARN_DEPRECATED_OBJC_IMPLEMENTATIONS = YES;
				CLANG_WARN_DIRECT_OBJC_ISA_USAGE = YES_ERROR;
				CLANG_WARN_DOCUMENTATION_COMMENTS = YES;
				CLANG_WARN_EMPTY_BODY = YES;
				CLANG_WARN_ENUM_CONVERSION = YES;
				CLANG_WARN_INFINITE_RECURSION = YES;
				CLANG_WARN_INT_CONVERSION = YES;
				CLANG_WARN_NON_LITERAL_NULL_CONVERSION = YES;
				CLANG_WARN_OBJC_IMPLICIT_RETAIN_SELF = YES;
				CLANG_WARN_OBJC_LITERAL_CONVERSION = YES;
				CLANG_WARN_OBJC_ROOT_CLASS = YES_ERROR;
				CLANG_WARN_QUOTED_INCLUDE_IN_FRAMEWORK_HEADER = YES;
				CLANG_WARN_RANGE_LOOP_ANALYSIS = YES;
				CLANG_WARN_STRICT_PROTOTYPES = YES;
				CLANG_WARN_SUSPICIOUS_MOVE = YES;
				CLANG_WARN_UNGUARDED_AVAILABILITY = YES_AGGRESSIVE;
				CLANG_WARN_UNREACHABLE_CODE = YES;
				CLANG_WARN__DUPLICATE_METHOD_MATCH = YES;
				COPY_PHASE_STRIP = NO;
				DEBUG_INFORMATION_FORMAT = dwarf;
				ENABLE_STRICT_OBJC_MSGSEND = YES;
				ENABLE_TESTABILITY = YES;
				ENABLE_USER_SCRIPT_SANDBOXING = YES;
				GCC_C_LANGUAGE_STANDARD = gnu17;
				GCC_DYNAMIC_NO_PIC = NO;
				GCC_NO_COMMON_BLOCKS = YES;
				GCC_OPTIMIZATION_LEVEL = 0;
				GCC_PREPROCESSOR_DEFINITIONS = (
					"DEBUG=1",
					"$(inherited)",
				);
				GCC_WARN_64_TO_32_BIT_CONVERSION = YES;
				GCC_WARN_ABOUT_RETURN_TYPE = YES_ERROR;
				GCC_WARN_UNDECLARED_SELECTOR = YES;
				GCC_WARN_UNINITIALIZED_AUTOS = YES_AGGRESSIVE;
				GCC_WARN_UNUSED_FUNCTION = YES;
				GCC_WARN_UNUSED_VARIABLE = YES;
				IPHONEOS_DEPLOYMENT_TARGET = 18.5;
				LOCALIZATION_PREFERS_STRING_CATALOGS = YES;
				MTL_ENABLE_DEBUG_INFO = INCLUDE_SOURCE;
				MTL_FAST_MATH = YES;
				ONLY_ACTIVE_ARCH = YES;
				SDKROOT = iphoneos;
				SWIFT_ACTIVE_COMPILATION_CONDITIONS = "DEBUG $(inherited)";
				SWIFT_OPTIMIZATION_LEVEL = "-Onone";
				SWIFT_VERSION = 6.0;
			};
			name = Debug;
		};
		D962607A2E5973C10032299B /* Release */ = {
			isa = XCBuildConfiguration;
			buildSettings = {
				ALWAYS_SEARCH_USER_PATHS = NO;
				ASSETCATALOG_COMPILER_GENERATE_SWIFT_ASSET_SYMBOL_EXTENSIONS = YES;
				CLANG_ANALYZER_NONNULL = YES;
				CLANG_ANALYZER_NUMBER_OBJECT_CONVERSION = YES_AGGRESSIVE;
				CLANG_CXX_LANGUAGE_STANDARD = "gnu++20";
				CLANG_ENABLE_MODULES = YES;
				CLANG_ENABLE_OBJC_ARC = YES;
				CLANG_ENABLE_OBJC_WEAK = YES;
				CLANG_WARN_BLOCK_CAPTURE_AUTORELEASING = YES;
				CLANG_WARN_BOOL_CONVERSION = YES;
				CLANG_WARN_COMMA = YES;
				CLANG_WARN_CONSTANT_CONVERSION = YES;
				CLANG_WARN_DEPRECATED_OBJC_IMPLEMENTATIONS = YES;
				CLANG_WARN_DIRECT_OBJC_ISA_USAGE = YES_ERROR;
				CLANG_WARN_DOCUMENTATION_COMMENTS = YES;
				CLANG_WARN_EMPTY_BODY = YES;
				CLANG_WARN_ENUM_CONVERSION = YES;
				CLANG_WARN_INFINITE_RECURSION = YES;
				CLANG_WARN_INT_CONVERSION = YES;
				CLANG_WARN_NON_LITERAL_NULL_CONVERSION = YES;
				CLANG_WARN_OBJC_IMPLICIT_RETAIN_SELF = YES;
				CLANG_WARN_OBJC_LITERAL_CONVERSION = YES;
				CLANG_WARN_OBJC_ROOT_CLASS = YES_ERROR;
				CLANG_WARN_QUOTED_INCLUDE_IN_FRAMEWORK_HEADER = YES;
				CLANG_WARN_RANGE_LOOP_ANALYSIS = YES;
				CLANG_WARN_STRICT_PROTOTYPES = YES;
				CLANG_WARN_SUSPICIOUS_MOVE = YES;
				CLANG_WARN_UNGUARDED_AVAILABILITY = YES_AGGRESSIVE;
				CLANG_WARN_UNREACHABLE_CODE = YES;
				CLANG_WARN__DUPLICATE_METHOD_MATCH = YES;
				COPY_PHASE_STRIP = NO;
				DEBUG_INFORMATION_FORMAT = "dwarf-with-dsym";
				ENABLE_NS_ASSERTIONS = NO;
				ENABLE_STRICT_OBJC_MSGSEND = YES;
				ENABLE_USER_SCRIPT_SANDBOXING = YES;
				GCC_C_LANGUAGE_STANDARD = gnu17;
				GCC_NO_COMMON_BLOCKS = YES;
				GCC_WARN_64_TO_32_BIT_CONVERSION = YES;
				GCC_WARN_ABOUT_RETURN_TYPE = YES_ERROR;
				GCC_WARN_UNDECLARED_SELECTOR = YES;
				GCC_WARN_UNINITIALIZED_AUTOS = YES_AGGRESSIVE;
				GCC_WARN_UNUSED_FUNCTION = YES;
				GCC_WARN_UNUSED_VARIABLE = YES;
				IPHONEOS_DEPLOYMENT_TARGET = 18.5;
				LOCALIZATION_PREFERS_STRING_CATALOGS = YES;
				MTL_ENABLE_DEBUG_INFO = NO;
				MTL_FAST_MATH = YES;
				SDKROOT = iphoneos;
				SWIFT_COMPILATION_MODE = wholemodule;
				SWIFT_VERSION = 6.0;
				VALIDATE_PRODUCT = YES;
			};
			name = Release;
		};
		D962607C2E5973C10032299B /* Debug */ = {
			isa = XCBuildConfiguration;
			buildSettings = {
				ASSETCATALOG_COMPILER_APPICON_NAME = AppIcon;
				ASSETCATALOG_COMPILER_GLOBAL_ACCENT_COLOR_NAME = AccentColor;
				CODE_SIGN_STYLE = Automatic;
				CURRENT_PROJECT_VERSION = 1;
				ENABLE_PREVIEWS = YES;
				GENERATE_INFOPLIST_FILE = YES;
				INFOPLIST_KEY_UIApplicationSceneManifest_Generation = YES;
				INFOPLIST_KEY_UIApplicationSupportsIndirectInputEvents = YES;
				INFOPLIST_KEY_UILaunchScreen_Generation = YES;
				INFOPLIST_KEY_UISupportedInterfaceOrientations_iPad = "UIInterfaceOrientationPortrait UIInterfaceOrientationPortraitUpsideDown UIInterfaceOrientationLandscapeLeft UIInterfaceOrientationLandscapeRight";
				INFOPLIST_KEY_UISupportedInterfaceOrientations_iPhone = "UIInterfaceOrientationPortrait UIInterfaceOrientationLandscapeLeft UIInterfaceOrientationLandscapeRight";
				LD_RUNPATH_SEARCH_PATHS = (
					"$(inherited)",
					"@executable_path/Frameworks",
				);
				MARKETING_VERSION = 1.0;
				PRODUCT_BUNDLE_IDENTIFIER = com.fujimori.APIClientSample;
				PRODUCT_NAME = "$(TARGET_NAME)";
				SWIFT_EMIT_LOC_STRINGS = YES;
				SWIFT_VERSION = 5.0;
				TARGETED_DEVICE_FAMILY = "1,2";
			};
			name = Debug;
		};
		D962607D2E5973C10032299B /* Release */ = {
			isa = XCBuildConfiguration;
			buildSettings = {
				ASSETCATALOG_COMPILER_APPICON_NAME = AppIcon;
				ASSETCATALOG_COMPILER_GLOBAL_ACCENT_COLOR_NAME = AccentColor;
				CODE_SIGN_STYLE = Automatic;
				CURRENT_PROJECT_VERSION = 1;
				ENABLE_PREVIEWS = YES;
				GENERATE_INFOPLIST_FILE = YES;
				INFOPLIST_KEY_UIApplicationSceneManifest_Generation = YES;
				INFOPLIST_KEY_UIApplicationSupportsIndirectInputEvents = YES;
				INFOPLIST_KEY_UILaunchScreen_Generation = YES;
				INFOPLIST_KEY_UISupportedInterfaceOrientations_iPad = "UIInterfaceOrientationPortrait UIInterfaceOrientationPortraitUpsideDown UIInterfaceOrientationLandscapeLeft UIInterfaceOrientationLandscapeRight";
				INFOPLIST_KEY_UISupportedInterfaceOrientations_iPhone = "UIInterfaceOrientationPortrait UIInterfaceOrientationLandscapeLeft UIInterfaceOrientationLandscapeRight";
				LD_RUNPATH_SEARCH_PATHS = (
					"$(inherited)",
					"@executable_path/Frameworks",
				);
				MARKETING_VERSION = 1.0;
				PRODUCT_BUNDLE_IDENTIFIER = com.fujimori.APIClientSample;
				PRODUCT_NAME = "$(TARGET_NAME)";
				SWIFT_EMIT_LOC_STRINGS = YES;
				SWIFT_VERSION = 5.0;
				TARGETED_DEVICE_FAMILY = "1,2";
			};
			name = Release;
		};
		D962607F2E5973C10032299B /* Debug */ = {
			isa = XCBuildConfiguration;
			buildSettings = {
				BUNDLE_LOADER = "$(TEST_HOST)";
				CODE_SIGN_STYLE = Automatic;
				CURRENT_PROJECT_VERSION = 1;
				GENERATE_INFOPLIST_FILE = YES;
				IPHONEOS_DEPLOYMENT_TARGET = 18.5;
				MARKETING_VERSION = 1.0;
				PRODUCT_BUNDLE_IDENTIFIER = com.fujimori.APIClientSampleTests;
				PRODUCT_NAME = "$(TARGET_NAME)";
				SWIFT_EMIT_LOC_STRINGS = NO;
				SWIFT_VERSION = 5.0;
				TARGETED_DEVICE_FAMILY = "1,2";
				TEST_HOST = "$(BUILT_PRODUCTS_DIR)/APIClientSample.app/$(BUNDLE_EXECUTABLE_FOLDER_PATH)/APIClientSample";
			};
			name = Debug;
		};
		D96260802E5973C10032299B /* Release */ = {
			isa = XCBuildConfiguration;
			buildSettings = {
				BUNDLE_LOADER = "$(TEST_HOST)";
				CODE_SIGN_STYLE = Automatic;
				CURRENT_PROJECT_VERSION = 1;
				GENERATE_INFOPLIST_FILE = YES;
				IPHONEOS_DEPLOYMENT_TARGET = 18.5;
				MARKETING_VERSION = 1.0;
				PRODUCT_BUNDLE_IDENTIFIER = com.fujimori.APIClientSampleTests;
				PRODUCT_NAME = "$(TARGET_NAME)";
				SWIFT_EMIT_LOC_STRINGS = NO;
				SWIFT_VERSION = 5.0;
				TARGETED_DEVICE_FAMILY = "1,2";
				TEST_HOST = "$(BUILT_PRODUCTS_DIR)/APIClientSample.app/$(BUNDLE_EXECUTABLE_FOLDER_PATH)/APIClientSample";
			};
			name = Release;
		};
		D96260822E5973C10032299B /* Debug */ = {
			isa = XCBuildConfiguration;
			buildSettings = {
				CODE_SIGN_STYLE = Automatic;
				CURRENT_PROJECT_VERSION = 1;
				GENERATE_INFOPLIST_FILE = YES;
				MARKETING_VERSION = 1.0;
				PRODUCT_BUNDLE_IDENTIFIER = com.fujimori.APIClientSampleUITests;
				PRODUCT_NAME = "$(TARGET_NAME)";
				SWIFT_EMIT_LOC_STRINGS = NO;
				SWIFT_VERSION = 5.0;
				TARGETED_DEVICE_FAMILY = "1,2";
				TEST_TARGET_NAME = APIClientSample;
			};
			name = Debug;
		};
		D96260832E5973C10032299B /* Release */ = {
			isa = XCBuildConfiguration;
			buildSettings = {
				CODE_SIGN_STYLE = Automatic;
				CURRENT_PROJECT_VERSION = 1;
				GENERATE_INFOPLIST_FILE = YES;
				MARKETING_VERSION = 1.0;
				PRODUCT_BUNDLE_IDENTIFIER = com.fujimori.APIClientSampleUITests;
				PRODUCT_NAME = "$(TARGET_NAME)";
				SWIFT_EMIT_LOC_STRINGS = NO;
				SWIFT_VERSION = 5.0;
				TARGETED_DEVICE_FAMILY = "1,2";
				TEST_TARGET_NAME = APIClientSample;
			};
			name = Release;
		};
/* End XCBuildConfiguration section */

/* Begin XCConfigurationList section */
		D96260552E5973BD0032299B /* Build configuration list for PBXProject "APIClientSample" */ = {
			isa = XCConfigurationList;
			buildConfigurations = (
				D96260792E5973C10032299B /* Debug */,
				D962607A2E5973C10032299B /* Release */,
			);
			defaultConfigurationIsVisible = 0;
			defaultConfigurationName = Release;
		};
		D962607B2E5973C10032299B /* Build configuration list for PBXNativeTarget "APIClientSample" */ = {
			isa = XCConfigurationList;
			buildConfigurations = (
				D962607C2E5973C10032299B /* Debug */,
				D962607D2E5973C10032299B /* Release */,
			);
			defaultConfigurationIsVisible = 0;
			defaultConfigurationName = Release;
		};
		D962607E2E5973C10032299B /* Build configuration list for PBXNativeTarget "APIClientSampleTests" */ = {
			isa = XCConfigurationList;
			buildConfigurations = (
				D962607F2E5973C10032299B /* Debug */,
				D96260802E5973C10032299B /* Release */,
			);
			defaultConfigurationIsVisible = 0;
			defaultConfigurationName = Release;
		};
		D96260812E5973C10032299B /* Build configuration list for PBXNativeTarget "APIClientSampleUITests" */ = {
			isa = XCConfigurationList;
			buildConfigurations = (
				D96260822E5973C10032299B /* Debug */,
				D96260832E5973C10032299B /* Release */,
			);
			defaultConfigurationIsVisible = 0;
			defaultConfigurationName = Release;
		};
/* End XCConfigurationList section */

/* Begin XCLocalSwiftPackageReference section */
		D9E5CE9B2E5AEC0F001503EB /* XCLocalSwiftPackageReference "APIModule" */ = {
			isa = XCLocalSwiftPackageReference;
			relativePath = APIModule;
		};
/* End XCLocalSwiftPackageReference section */

/* Begin XCRemoteSwiftPackageReference section */
		D9E5CEA02E5AECAB001503EB /* XCRemoteSwiftPackageReference "SwiftLintPlugins" */ = {
			isa = XCRemoteSwiftPackageReference;
			repositoryURL = "https://github.com/SimplyDanny/SwiftLintPlugins";
			requirement = {
				kind = upToNextMajorVersion;
				minimumVersion = 0.59.1;
			};
		};
/* End XCRemoteSwiftPackageReference section */

/* Begin XCSwiftPackageProductDependency section */
		D9E0B1582E59EAC000FE07A5 /* Composition */ = {
			isa = XCSwiftPackageProductDependency;
			productName = Composition;
		};
		D9E0B15A2E59EAC000FE07A5 /* Domain */ = {
			isa = XCSwiftPackageProductDependency;
			productName = Domain;
		};
		D9E5CE9C2E5AEC0F001503EB /* Composition */ = {
			isa = XCSwiftPackageProductDependency;
			productName = Composition;
		};
		D9E5CE9E2E5AEC0F001503EB /* Domain */ = {
			isa = XCSwiftPackageProductDependency;
			productName = Domain;
		};
		D9E5CEA12E5AECBA001503EB /* SwiftLintBuildToolPlugin */ = {
			isa = XCSwiftPackageProductDependency;
			package = D9E5CEA02E5AECAB001503EB /* XCRemoteSwiftPackageReference "SwiftLintPlugins" */;
			productName = "plugin:SwiftLintBuildToolPlugin";
		};
/* End XCSwiftPackageProductDependency section */
	};
	rootObject = D96260522E5973BD0032299B /* Project object */;
}
